
Microsoft Visual Studio Solution File, Format Version 12.00
# Visual Studio Version 17
VisualStudioVersion = 17.4.33205.214
MinimumVisualStudioVersion = 10.0.40219.1
Project("{FAE04EC0-301F-11D3-BF4B-00C04F79EFBC}") = "HappyRoutine.Web", "HappyRoutine.Web\HappyRoutine.Web.csproj", "{0640234F-274C-4FED-8A3D-A81D92E98018}"
EndProject
Project("{FAE04EC0-301F-11D3-BF4B-00C04F79EFBC}") = "HappyRoutine.Models", "HappyRoutine.Models\HappyRoutine.Models.csproj", "{9264E804-133C-459E-8C75-0646186BB583}"
EndProject
Project("{FAE04EC0-301F-11D3-BF4B-00C04F79EFBC}") = "HappyRoutine.Repository", "HappyRoutine.Repository\HappyRoutine.Repository.csproj", "{3A3AAA7A-61C4-408C-950A-88BB4E3282E3}"
EndProject
Global
	GlobalSection(SolutionConfigurationPlatforms) = preSolution
		Debug|Any CPU = Debug|Any CPU
		Release|Any CPU = Release|Any CPU
	EndGlobalSection
	GlobalSection(ProjectConfigurationPlatforms) = postSolution
		{0640234F-274C-4FED-8A3D-A81D92E98018}.Debug|Any CPU.ActiveCfg = Debug|Any CPU
		{0640234F-274C-4FED-8A3D-A81D92E98018}.Debug|Any CPU.Build.0 = Debug|Any CPU
		{0640234F-274C-4FED-8A3D-A81D92E98018}.Release|Any CPU.ActiveCfg = Release|Any CPU
		{0640234F-274C-4FED-8A3D-A81D92E98018}.Release|Any CPU.Build.0 = Release|Any CPU
		{9264E804-133C-459E-8C75-0646186BB583}.Debug|Any CPU.ActiveCfg = Debug|Any CPU
		{9264E804-133C-459E-8C75-0646186BB583}.Debug|Any CPU.Build.0 = Debug|Any CPU
		{9264E804-133C-459E-8C75-0646186BB583}.Release|Any CPU.ActiveCfg = Release|Any CPU
		{9264E804-133C-459E-8C75-0646186BB583}.Release|Any CPU.Build.0 = Release|Any CPU
		{3A3AAA7A-61C4-408C-950A-88BB4E3282E3}.Debug|Any CPU.ActiveCfg = Debug|Any CPU
		{3A3AAA7A-61C4-408C-950A-88BB4E3282E3}.Debug|Any CPU.Build.0 = Debug|Any CPU
		{3A3AAA7A-61C4-408C-950A-88BB4E3282E3}.Release|Any CPU.ActiveCfg = Release|Any CPU
		{3A3AAA7A-61C4-408C-950A-88BB4E3282E3}.Release|Any CPU.Build.0 = Release|Any CPU
	EndGlobalSection
	GlobalSection(SolutionProperties) = preSolution
		HideSolutionNode = FALSE
	EndGlobalSection
	GlobalSection(ExtensibilityGlobals) = postSolution
		SolutionGuid = {DACAA9B9-2CD4-48BC-8056-48C4FB9EC4F9}
	EndGlobalSection
EndGlobal
